Microsoft Visual Studio Solution File, Format Version 12.00
# Visual Studio Version 17
VisualStudioVersion = 17.5.2.0
MinimumVisualStudioVersion = 10.0.40219.1
Project("{FAE04EC0-301F-11D3-BF4B-00C04F79EFBC}") = "EmployeeAPI-WebApp", "EmployeeAPI-WebApp\EmployeeAPI-WebApp.csproj", "{B81EA762-864E-1B16-0A95-A476F862CAE4}"
EndProject
Global
	GlobalSection(SolutionConfigurationPlatforms) = preSolution
		Debug|Any CPU = Debug|Any CPU
		Release|Any CPU = Release|Any CPU
	EndGlobalSection
	GlobalSection(ProjectConfigurationPlatforms) = postSolution
		{B81EA762-864E-1B16-0A95-A476F862CAE4}.Debug|Any CPU.ActiveCfg = Debug|Any CPU
		{B81EA762-864E-1B16-0A95-A476F862CAE4}.Debug|Any CPU.Build.0 = Debug|Any CPU
		{B81EA762-864E-1B16-0A95-A476F862CAE4}.Release|Any CPU.ActiveCfg = Release|Any CPU
		{B81EA762-864E-1B16-0A95-A476F862CAE4}.Release|Any CPU.Build.0 = Release|Any CPU
	EndGlobalSection
	GlobalSection(SolutionProperties) = preSolution
		HideSolutionNode = FALSE
	EndGlobalSection
	GlobalSection(ExtensibilityGlobals) = postSolution
		SolutionGuid = {5A3EDA65-E4CF-41CF-9C3C-F8FA59F5D70B}
	EndGlobalSection
EndGlobal
